
Microsoft Visual Studio Solution File, Format Version 12.00
# Visual Studio Version 16
VisualStudioVersion = 16.0.29318.209
MinimumVisualStudioVersion = 10.0.40219.1
Project("{FAE04EC0-301F-11D3-BF4B-00C04F79EFBC}") = "FrostySoundImport", "FrostySoundImport\FrostySoundImport.csproj", "{9B4AEB1E-94DE-42DA-AE1D-AF1FC27D9902}"
EndProject
Global
	GlobalSection(SolutionConfigurationPlatforms) = preSolution
		Debug|Any CPU = Debug|Any CPU
		Release|Any CPU = Release|Any CPU
	EndGlobalSection
	GlobalSection(ProjectConfigurationPlatforms) = postSolution
		{9B4AEB1E-94DE-42DA-AE1D-AF1FC27D9902}.Debug|Any CPU.ActiveCfg = Debug|Any CPU
		{9B4AEB1E-94DE-42DA-AE1D-AF1FC27D9902}.Debug|Any CPU.Build.0 = Debug|Any CPU
		{9B4AEB1E-94DE-42DA-AE1D-AF1FC27D9902}.Release|Any CPU.ActiveCfg = Release|Any CPU
		{9B4AEB1E-94DE-42DA-AE1D-AF1FC27D9902}.Release|Any CPU.Build.0 = Release|Any CPU
	EndGlobalSection
	GlobalSection(SolutionProperties) = preSolution
		HideSolutionNode = FALSE
	EndGlobalSection
	GlobalSection(ExtensibilityGlobals) = postSolution
		SolutionGuid = {D261D143-241A-4199-9729-7BC64760053C}
	EndGlobalSection
EndGlobal
